// !$*UTF8*$!
{
	archiveVersion = 1;
	classes = {
	};
	objectVersion = 77;
	objects = {

/* Begin PBXBuildFile section */
		A10000000000000000000001 /* GroceryLedgerApp.swift in Sources */ = {isa = PBXBuildFile; fileRef = A20000000000000000000001 /* GroceryLedgerApp.swift */; };
		A10000000000000000000002 /* Models.swift in Sources */ = {isa = PBXBuildFile; fileRef = A20000000000000000000002 /* Models.swift */; };
		A10000000000000000000003 /* LedgerEngine.swift in Sources */ = {isa = PBXBuildFile; fileRef = A20000000000000000000003 /* LedgerEngine.swift */; };
		A10000000000000000000004 /* InvoiceParser.swift in Sources */ = {isa = PBXBuildFile; fileRef = A20000000000000000000004 /* InvoiceParser.swift */; };
		A10000000000000000000005 /* DashboardView.swift in Sources */ = {isa = PBXBuildFile; fileRef = A20000000000000000000005 /* DashboardView.swift */; };
		A10000000000000000000006 /* PurchasesView.swift in Sources */ = {isa = PBXBuildFile; fileRef = A20000000000000000000006 /* PurchasesView.swift */; };
		A10000000000000000000007 /* ImportInvoiceView.swift in Sources */ = {isa = PBXBuildFile; fileRef = A20000000000000000000007 /* ImportInvoiceView.swift */; };
		A10000000000000000000008 /* BalancesView.swift in Sources */ = {isa = PBXBuildFile; fileRef = A20000000000000000000008 /* BalancesView.swift */; };
		A10000000000000000000009 /* SettingsView.swift in Sources */ = {isa = PBXBuildFile; fileRef = A20000000000000000000010 /* SettingsView.swift */; };
		B10000000000000000000001 /* GroceryLedgerCoreTests.swift in Sources */ = {isa = PBXBuildFile; fileRef = B20000000000000000000001 /* GroceryLedgerCoreTests.swift */; };
/* End PBXBuildFile section */

/* Begin PBXFileReference section */
		A20000000000000000000001 /* GroceryLedgerApp.swift */ = {isa = PBXFileReference; lastKnownFileType = sourcecode.swift; path = GroceryLedgerApp.swift; sourceTree = "<group>"; };
		A20000000000000000000002 /* Models.swift */ = {isa = PBXFileReference; lastKnownFileType = sourcecode.swift; path = Models.swift; sourceTree = "<group>"; };
		A20000000000000000000003 /* LedgerEngine.swift */ = {isa = PBXFileReference; lastKnownFileType = sourcecode.swift; path = LedgerEngine.swift; sourceTree = "<group>"; };
		A20000000000000000000004 /* InvoiceParser.swift */ = {isa = PBXFileReference; lastKnownFileType = sourcecode.swift; path = InvoiceParser.swift; sourceTree = "<group>"; };
		A20000000000000000000005 /* DashboardView.swift */ = {isa = PBXFileReference; lastKnownFileType = sourcecode.swift; path = DashboardView.swift; sourceTree = "<group>"; };
		A20000000000000000000006 /* PurchasesView.swift */ = {isa = PBXFileReference; lastKnownFileType = sourcecode.swift; path = PurchasesView.swift; sourceTree = "<group>"; };
		A20000000000000000000007 /* ImportInvoiceView.swift */ = {isa = PBXFileReference; lastKnownFileType = sourcecode.swift; path = ImportInvoiceView.swift; sourceTree = "<group>"; };
		A20000000000000000000008 /* BalancesView.swift */ = {isa = PBXFileReference; lastKnownFileType = sourcecode.swift; path = BalancesView.swift; sourceTree = "<group>"; };
		A20000000000000000000009 /* GroceryLedger.app */ = {isa = PBXFileReference; explicitFileType = wrapper.application; includeInIndex = 0; path = GroceryLedger.app; sourceTree = BUILT_PRODUCTS_DIR; };
		A20000000000000000000010 /* SettingsView.swift */ = {isa = PBXFileReference; lastKnownFileType = sourcecode.swift; path = SettingsView.swift; sourceTree = "<group>"; };
		B20000000000000000000001 /* GroceryLedgerCoreTests.swift */ = {isa = PBXFileReference; lastKnownFileType = sourcecode.swift; path = GroceryLedgerCoreTests.swift; sourceTree = "<group>"; };
		B20000000000000000000002 /* GroceryLedgerTests.xctest */ = {isa = PBXFileReference; explicitFileType = wrapper.cfbundle; includeInIndex = 0; path = GroceryLedgerTests.xctest; sourceTree = BUILT_PRODUCTS_DIR; };
/* End PBXFileReference section */

/* Begin PBXFrameworksBuildPhase section */
		A30000000000000000000001 /* Frameworks */ = {
			isa = PBXFrameworksBuildPhase;
			buildActionMask = 2147483647;
			files = (
			);
			runOnlyForDeploymentPostprocessing = 0;
		};
/* End PBXFrameworksBuildPhase section */

/* Begin PBXGroup section */
		A40000000000000000000001 = {
			isa = PBXGroup;
			children = (
				A40000000000000000000002 /* GroceryLedger */,
				A40000000000000000000003 /* Products */,
				B40000000000000000000001 /* GroceryLedgerTests */,
			);
			sourceTree = "<group>";
		};
		A40000000000000000000002 /* GroceryLedger */ = {
			isa = PBXGroup;
			children = (
				A20000000000000000000001 /* GroceryLedgerApp.swift */,
				A20000000000000000000002 /* Models.swift */,
				A20000000000000000000003 /* LedgerEngine.swift */,
				A20000000000000000000004 /* InvoiceParser.swift */,
				A20000000000000000000005 /* DashboardView.swift */,
				A20000000000000000000006 /* PurchasesView.swift */,
				A20000000000000000000007 /* ImportInvoiceView.swift */,
				A20000000000000000000008 /* BalancesView.swift */,
				A20000000000000000000010 /* SettingsView.swift */,
			);
			path = GroceryLedger;
			sourceTree = "<group>";
		};
		A40000000000000000000003 /* Products */ = {
			isa = PBXGroup;
			children = (
				A20000000000000000000009 /* GroceryLedger.app */,
				B20000000000000000000002 /* GroceryLedgerTests.xctest */,
			);
			name = Products;
			sourceTree = "<group>";
		};
		B40000000000000000000001 /* GroceryLedgerTests */ = {
			isa = PBXGroup;
			children = (
				B20000000000000000000001 /* GroceryLedgerCoreTests.swift */,
			);
			path = GroceryLedgerTests;
			sourceTree = "<group>";
		};
/* End PBXGroup section */

/* Begin PBXContainerItemProxy section */
		B30000000000000000000001 /* PBXContainerItemProxy */ = {
			isa = PBXContainerItemProxy;
			containerPortal = A90000000000000000000001 /* Project object */;
			proxyType = 1;
			remoteGlobalIDString = A50000000000000000000001;
			remoteInfo = GroceryLedger;
		};
/* End PBXContainerItemProxy section */

/* Begin PBXNativeTarget section */
		A50000000000000000000001 /* GroceryLedger */ = {
			isa = PBXNativeTarget;
			buildConfigurationList = A60000000000000000000002 /* Build configuration list for PBXNativeTarget "GroceryLedger" */;
			buildPhases = (
				A70000000000000000000001 /* Sources */,
				A30000000000000000000001 /* Frameworks */,
				A80000000000000000000001 /* Resources */,
			);
			buildRules = (
			);
			dependencies = (
			);
			name = GroceryLedger;
			productName = GroceryLedger;
			productReference = A20000000000000000000009 /* GroceryLedger.app */;
			productType = "com.apple.product-type.application";
		};
		B50000000000000000000001 /* GroceryLedgerTests */ = {
			isa = PBXNativeTarget;
			buildConfigurationList = B60000000000000000000001 /* Build configuration list for PBXNativeTarget "GroceryLedgerTests" */;
			buildPhases = (
				B70000000000000000000001 /* Sources */,
				B80000000000000000000001 /* Frameworks */,
				B90000000000000000000001 /* Resources */,
			);
			buildRules = ();
			dependencies = (
				BA00000000000000000000001 /* PBXTargetDependency */,
			);
			name = GroceryLedgerTests;
			productName = GroceryLedgerTests;
			productReference = B20000000000000000000002 /* GroceryLedgerTests.xctest */;
			productType = "com.apple.product-type.bundle.unit-test";
		};
/* End PBXNativeTarget section */

/* Begin PBXProject section */
		A90000000000000000000001 /* Project object */ = {
			isa = PBXProject;
			attributes = {
				LastSwiftUpdateCheck = 2660;
				LastUpgradeCheck = 2660;
				TargetAttributes = {
					A50000000000000000000001 = {
						CreatedOnToolsVersion = 26.6;
					};
					B50000000000000000000001 = {
						CreatedOnToolsVersion = 26.6;
						TestTargetID = A50000000000000000000001;
					};
				};
			};
			buildConfigurationList = A60000000000000000000001 /* Build configuration list for PBXProject "GroceryLedger" */;
			developmentRegion = en;
			hasScannedForEncodings = 0;
			knownRegions = (
				en,
				Base,
			);
			mainGroup = A40000000000000000000001;
			preferredProjectObjectVersion = 77;
			productRefGroup = A40000000000000000000003 /* Products */;
			projectDirPath = "";
			projectRoot = "";
			targets = (
				A50000000000000000000001 /* GroceryLedger */,
				B50000000000000000000001 /* GroceryLedgerTests */,
			);
		};
/* End PBXProject section */

/* Begin PBXResourcesBuildPhase section */
		A80000000000000000000001 /* Resources */ = {
			isa = PBXResourcesBuildPhase;
			buildActionMask = 2147483647;
			files = (
			);
			runOnlyForDeploymentPostprocessing = 0;
		};
		B90000000000000000000001 /* Resources */ = {
			isa = PBXResourcesBuildPhase;
			buildActionMask = 2147483647;
			files = ();
			runOnlyForDeploymentPostprocessing = 0;
		};
/* End PBXResourcesBuildPhase section */

/* Begin PBXFrameworksBuildPhase section */
		B80000000000000000000001 /* Frameworks */ = {
			isa = PBXFrameworksBuildPhase;
			buildActionMask = 2147483647;
			files = ();
			runOnlyForDeploymentPostprocessing = 0;
		};
/* End PBXFrameworksBuildPhase section */

/* Begin PBXSourcesBuildPhase section */
		A70000000000000000000001 /* Sources */ = {
			isa = PBXSourcesBuildPhase;
			buildActionMask = 2147483647;
			files = (
				A10000000000000000000001 /* GroceryLedgerApp.swift in Sources */,
				A10000000000000000000002 /* Models.swift in Sources */,
				A10000000000000000000003 /* LedgerEngine.swift in Sources */,
				A10000000000000000000004 /* InvoiceParser.swift in Sources */,
				A10000000000000000000005 /* DashboardView.swift in Sources */,
				A10000000000000000000006 /* PurchasesView.swift in Sources */,
				A10000000000000000000007 /* ImportInvoiceView.swift in Sources */,
				A10000000000000000000008 /* BalancesView.swift in Sources */,
				A10000000000000000000009 /* SettingsView.swift in Sources */,
			);
			runOnlyForDeploymentPostprocessing = 0;
		};
		B70000000000000000000001 /* Sources */ = {
			isa = PBXSourcesBuildPhase;
			buildActionMask = 2147483647;
			files = (
				B10000000000000000000001 /* GroceryLedgerCoreTests.swift in Sources */,
			);
			runOnlyForDeploymentPostprocessing = 0;
		};
/* End PBXSourcesBuildPhase section */

/* Begin PBXTargetDependency section */
		BA00000000000000000000001 /* PBXTargetDependency */ = {
			isa = PBXTargetDependency;
			target = A50000000000000000000001 /* GroceryLedger */;
			targetProxy = B30000000000000000000001 /* PBXContainerItemProxy */;
		};
/* End PBXTargetDependency section */

/* Begin XCBuildConfiguration section */
		A60000000000000000000003 /* Debug */ = {
			isa = XCBuildConfiguration;
			buildSettings = {
				ALWAYS_SEARCH_USER_PATHS = NO;
				CLANG_CXX_LANGUAGE_STANDARD = "gnu++20";
				CLANG_ENABLE_MODULES = YES;
				CLANG_ENABLE_OBJC_ARC = YES;
				GCC_C_LANGUAGE_STANDARD = gnu17;
				SWIFT_VERSION = 6.0;
			};
			name = Debug;
		};
		A60000000000000000000004 /* Release */ = {
			isa = XCBuildConfiguration;
			buildSettings = {
				ALWAYS_SEARCH_USER_PATHS = NO;
				CLANG_CXX_LANGUAGE_STANDARD = "gnu++20";
				CLANG_ENABLE_MODULES = YES;
				CLANG_ENABLE_OBJC_ARC = YES;
				GCC_C_LANGUAGE_STANDARD = gnu17;
				SWIFT_VERSION = 6.0;
			};
			name = Release;
		};
		A60000000000000000000005 /* Debug */ = {
			isa = XCBuildConfiguration;
			buildSettings = {
				ASSETCATALOG_COMPILER_APPICON_NAME = AppIcon;
				CODE_SIGN_STYLE = Automatic;
				CURRENT_PROJECT_VERSION = 1;
				DEVELOPMENT_TEAM = 45A79M85A4;
				ENABLE_TESTABILITY = YES;
				GENERATE_INFOPLIST_FILE = NO;
				INFOPLIST_FILE = GroceryLedger/Info.plist;
				IPHONEOS_DEPLOYMENT_TARGET = 17.0;
				MARKETING_VERSION = 0.1;
				PRODUCT_BUNDLE_IDENTIFIER = com.ekta.groceryledger;
				PRODUCT_NAME = "$(TARGET_NAME)";
				SDKROOT = iphoneos;
				SUPPORTED_PLATFORMS = "iphoneos iphonesimulator";
				SWIFT_EMIT_LOC_STRINGS = YES;
				SWIFT_OPTIMIZATION_LEVEL = "-Onone";
				SWIFT_STRICT_CONCURRENCY = minimal;
				TARGETED_DEVICE_FAMILY = 1;
			};
			name = Debug;
		};
		A60000000000000000000006 /* Release */ = {
			isa = XCBuildConfiguration;
			buildSettings = {
				ASSETCATALOG_COMPILER_APPICON_NAME = AppIcon;
				CODE_SIGN_STYLE = Automatic;
				CURRENT_PROJECT_VERSION = 1;
				DEVELOPMENT_TEAM = 45A79M85A4;
				GENERATE_INFOPLIST_FILE = NO;
				INFOPLIST_FILE = GroceryLedger/Info.plist;
				IPHONEOS_DEPLOYMENT_TARGET = 17.0;
				MARKETING_VERSION = 0.1;
				PRODUCT_BUNDLE_IDENTIFIER = com.ekta.groceryledger;
				PRODUCT_NAME = "$(TARGET_NAME)";
				SDKROOT = iphoneos;
				SUPPORTED_PLATFORMS = "iphoneos iphonesimulator";
				SWIFT_EMIT_LOC_STRINGS = YES;
				SWIFT_STRICT_CONCURRENCY = minimal;
				TARGETED_DEVICE_FAMILY = 1;
			};
			name = Release;
		};
		B60000000000000000000002 /* Debug */ = {
			isa = XCBuildConfiguration;
			buildSettings = {
				BUNDLE_LOADER = "$(TEST_HOST)";
				GENERATE_INFOPLIST_FILE = YES;
				IPHONEOS_DEPLOYMENT_TARGET = 17.0;
				PRODUCT_BUNDLE_IDENTIFIER = com.ekta.groceryledger.tests;
				PRODUCT_NAME = "$(TARGET_NAME)";
				SDKROOT = iphoneos;
				SUPPORTED_PLATFORMS = "iphoneos iphonesimulator";
				SWIFT_VERSION = 6.0;
				TARGETED_DEVICE_FAMILY = 1;
				TEST_HOST = "$(BUILT_PRODUCTS_DIR)/GroceryLedger.app/GroceryLedger";
				WRAPPER_EXTENSION = xctest;
			};
			name = Debug;
		};
		B60000000000000000000003 /* Release */ = {
			isa = XCBuildConfiguration;
			buildSettings = {
				BUNDLE_LOADER = "$(TEST_HOST)";
				GENERATE_INFOPLIST_FILE = YES;
				IPHONEOS_DEPLOYMENT_TARGET = 17.0;
				PRODUCT_BUNDLE_IDENTIFIER = com.ekta.groceryledger.tests;
				PRODUCT_NAME = "$(TARGET_NAME)";
				SDKROOT = iphoneos;
				SUPPORTED_PLATFORMS = "iphoneos iphonesimulator";
				SWIFT_VERSION = 6.0;
				TARGETED_DEVICE_FAMILY = 1;
				TEST_HOST = "$(BUILT_PRODUCTS_DIR)/GroceryLedger.app/GroceryLedger";
				WRAPPER_EXTENSION = xctest;
			};
			name = Release;
		};
/* End XCBuildConfiguration section */

/* Begin XCConfigurationList section */
		A60000000000000000000001 /* Build configuration list for PBXProject "GroceryLedger" */ = {
			isa = XCConfigurationList;
			buildConfigurations = (
				A60000000000000000000003 /* Debug */,
				A60000000000000000000004 /* Release */,
			);
			defaultConfigurationIsVisible = 0;
			defaultConfigurationName = Release;
		};
		A60000000000000000000002 /* Build configuration list for PBXNativeTarget "GroceryLedger" */ = {
			isa = XCConfigurationList;
			buildConfigurations = (
				A60000000000000000000005 /* Debug */,
				A60000000000000000000006 /* Release */,
			);
			defaultConfigurationIsVisible = 0;
			defaultConfigurationName = Release;
		};
		B60000000000000000000001 /* Build configuration list for PBXNativeTarget "GroceryLedgerTests" */ = {
			isa = XCConfigurationList;
			buildConfigurations = (
				B60000000000000000000002 /* Debug */,
				B60000000000000000000003 /* Release */,
			);
			defaultConfigurationIsVisible = 0;
			defaultConfigurationName = Release;
		};
/* End XCConfigurationList section */
	};
	rootObject = A90000000000000000000001 /* Project object */;
}
